{
    "version": 3,
    "terraform_version": "0.11.13",
    "serial": 10,
    "lineage": "081b0ca4-2f71-93fb-be0f-16256da28ff1",
    "modules": [
        {
            "path": [
                "root"
            ],
            "outputs": {},
            "resources": {
                "aws_instance.web01": {
                    "type": "aws_instance",
                    "depends_on": [
                        "aws_security_group.allow-http-security-group_terraform",
                        "aws_security_group.allow-ssh-security-group_terraform",
                        "aws_subnet.public-subnet-1a_terraform"
                    ],
                    "primary": {
                        "id": "i-044549a413f5481ec",
                        "attributes": {
                            "ami": "ami-0f9ae750e8274075b",
                            "arn": "arn:aws:ec2:ap-northeast-1:300504688985:instance/i-044549a413f5481ec",
                            "associate_public_ip_address": "true",
                            "availability_zone": "ap-northeast-1a",
                            "cpu_core_count": "1",
                            "cpu_threads_per_core": "1",
                            "credit_specification.#": "1",
                            "credit_specification.0.cpu_credits": "standard",
                            "disable_api_termination": "false",
                            "ebs_block_device.#": "0",
                            "ebs_optimized": "false",
                            "ephemeral_block_device.#": "0",
                            "get_password_data": "false",
                            "iam_instance_profile": "",
                            "id": "i-044549a413f5481ec",
                            "instance_state": "running",
                            "instance_type": "t2.micro",
                            "ipv6_addresses.#": "0",
                            "key_name": "rails_puma",
                            "monitoring": "false",
                            "network_interface.#": "0",
                            "password_data": "",
                            "placement_group": "",
                            "primary_network_interface_id": "eni-090340f3192cca1b8",
                            "private_dns": "ip-10-0-1-17.ap-northeast-1.compute.internal",
                            "private_ip": "10.0.1.17",
                            "public_dns": "",
                            "public_ip": "54.248.65.98",
                            "root_block_device.#": "1",
                            "root_block_device.0.delete_on_termination": "true",
                            "root_block_device.0.iops": "100",
                            "root_block_device.0.volume_id": "vol-07d5ffa3c063c7e2d",
                            "root_block_device.0.volume_size": "8",
                            "root_block_device.0.volume_type": "gp2",
                            "security_groups.#": "0",
                            "source_dest_check": "true",
                            "subnet_id": "subnet-0bc7c5287bdb26d31",
                            "tags.%": "1",
                            "tags.Name": "web01",
                            "tenancy": "default",
                            "volume_tags.%": "0",
                            "vpc_security_group_ids.#": "2",
                            "vpc_security_group_ids.1655011557": "sg-02e7d0b4cea0b5957",
                            "vpc_security_group_ids.3192691803": "sg-07730c1cb809fac06"
                        },
                        "meta": {
                            "e2bfb730-ecaa-11e6-8f88-34363bc7c4c0": {
                                "create": 600000000000,
                                "delete": 1200000000000,
                                "update": 600000000000
                            },
                            "schema_version": "1"
                        },
                        "tainted": false
                    },
                    "deposed": [],
                    "provider": "provider.aws"
                },
                "aws_internet_gateway.igw_terraform": {
                    "type": "aws_internet_gateway",
                    "depends_on": [
                        "aws_vpc.vpc_terraform"
                    ],
                    "primary": {
                        "id": "igw-027594899cf223f3c",
                        "attributes": {
                            "id": "igw-027594899cf223f3c",
                            "owner_id": "300504688985",
                            "tags.%": "1",
                            "tags.Name": "igw_terraform",
                            "vpc_id": "vpc-010e47038658bf9b7"
                        },
                        "meta": {},
                        "tainted": false
                    },
                    "deposed": [],
                    "provider": "provider.aws"
                },
                "aws_route_table.public-route-table_terraform": {
                    "type": "aws_route_table",
                    "depends_on": [
                        "aws_internet_gateway.igw_terraform",
                        "aws_vpc.vpc_terraform"
                    ],
                    "primary": {
                        "id": "rtb-00b737950631fc287",
                        "attributes": {
                            "id": "rtb-00b737950631fc287",
                            "owner_id": "300504688985",
                            "propagating_vgws.#": "0",
                            "route.#": "1",
                            "route.2215484822.cidr_block": "0.0.0.0/0",
                            "route.2215484822.egress_only_gateway_id": "",
                            "route.2215484822.gateway_id": "igw-027594899cf223f3c",
                            "route.2215484822.instance_id": "",
                            "route.2215484822.ipv6_cidr_block": "",
                            "route.2215484822.nat_gateway_id": "",
                            "route.2215484822.network_interface_id": "",
                            "route.2215484822.transit_gateway_id": "",
                            "route.2215484822.vpc_peering_connection_id": "",
                            "tags.%": "1",
                            "tags.Name": "public-route-table_terraform",
                            "vpc_id": "vpc-010e47038658bf9b7"
                        },
                        "meta": {},
                        "tainted": false
                    },
                    "deposed": [],
                    "provider": "provider.aws"
                },
                "aws_route_table_association.puclic-route-table-association_terraform": {
                    "type": "aws_route_table_association",
                    "depends_on": [
                        "aws_route_table.public-route-table_terraform",
                        "aws_subnet.public-subnet-1a_terraform"
                    ],
                    "primary": {
                        "id": "rtbassoc-00f650e36237bd379",
                        "attributes": {
                            "id": "rtbassoc-00f650e36237bd379",
                            "route_table_id": "rtb-00b737950631fc287",
                            "subnet_id": "subnet-0bc7c5287bdb26d31"
                        },
                        "meta": {},
                        "tainted": false
                    },
                    "deposed": [],
                    "provider": "provider.aws"
                },
                "aws_security_group.allow-http-security-group_terraform": {
                    "type": "aws_security_group",
                    "depends_on": [
                        "aws_vpc.vpc_terraform"
                    ],
                    "primary": {
                        "id": "sg-02e7d0b4cea0b5957",
                        "attributes": {
                            "arn": "arn:aws:ec2:ap-northeast-1:300504688985:security-group/sg-02e7d0b4cea0b5957",
                            "description": "allow http inbound traffic",
                            "egress.#": "1",
                            "egress.482069346.cidr_blocks.#": "1",
                            "egress.482069346.cidr_blocks.0": "0.0.0.0/0",
                            "egress.482069346.description": "",
                            "egress.482069346.from_port": "0",
                            "egress.482069346.ipv6_cidr_blocks.#": "0",
                            "egress.482069346.prefix_list_ids.#": "0",
                            "egress.482069346.protocol": "-1",
                            "egress.482069346.security_groups.#": "0",
                            "egress.482069346.self": "false",
                            "egress.482069346.to_port": "0",
                            "id": "sg-02e7d0b4cea0b5957",
                            "ingress.#": "1",
                            "ingress.2214680975.cidr_blocks.#": "1",
                            "ingress.2214680975.cidr_blocks.0": "0.0.0.0/0",
                            "ingress.2214680975.description": "",
                            "ingress.2214680975.from_port": "80",
                            "ingress.2214680975.ipv6_cidr_blocks.#": "0",
                            "ingress.2214680975.prefix_list_ids.#": "0",
                            "ingress.2214680975.protocol": "tcp",
                            "ingress.2214680975.security_groups.#": "0",
                            "ingress.2214680975.self": "false",
                            "ingress.2214680975.to_port": "80",
                            "name": "allow-http-security-group_terraform",
                            "owner_id": "300504688985",
                            "revoke_rules_on_delete": "false",
                            "tags.%": "1",
                            "tags.Name": "allow-http-security-group_terraform",
                            "vpc_id": "vpc-010e47038658bf9b7"
                        },
                        "meta": {
                            "e2bfb730-ecaa-11e6-8f88-34363bc7c4c0": {
                                "create": 600000000000,
                                "delete": 600000000000
                            },
                            "schema_version": "1"
                        },
                        "tainted": false
                    },
                    "deposed": [],
                    "provider": "provider.aws"
                },
                "aws_security_group.allow-ssh-security-group_terraform": {
                    "type": "aws_security_group",
                    "depends_on": [
                        "aws_vpc.vpc_terraform"
                    ],
                    "primary": {
                        "id": "sg-07730c1cb809fac06",
                        "attributes": {
                            "arn": "arn:aws:ec2:ap-northeast-1:300504688985:security-group/sg-07730c1cb809fac06",
                            "description": "allow ssh inbound traffic",
                            "egress.#": "1",
                            "egress.482069346.cidr_blocks.#": "1",
                            "egress.482069346.cidr_blocks.0": "0.0.0.0/0",
                            "egress.482069346.description": "",
                            "egress.482069346.from_port": "0",
                            "egress.482069346.ipv6_cidr_blocks.#": "0",
                            "egress.482069346.prefix_list_ids.#": "0",
                            "egress.482069346.protocol": "-1",
                            "egress.482069346.security_groups.#": "0",
                            "egress.482069346.self": "false",
                            "egress.482069346.to_port": "0",
                            "id": "sg-07730c1cb809fac06",
                            "ingress.#": "1",
                            "ingress.2541437006.cidr_blocks.#": "1",
                            "ingress.2541437006.cidr_blocks.0": "0.0.0.0/0",
                            "ingress.2541437006.description": "",
                            "ingress.2541437006.from_port": "22",
                            "ingress.2541437006.ipv6_cidr_blocks.#": "0",
                            "ingress.2541437006.prefix_list_ids.#": "0",
                            "ingress.2541437006.protocol": "tcp",
                            "ingress.2541437006.security_groups.#": "0",
                            "ingress.2541437006.self": "false",
                            "ingress.2541437006.to_port": "22",
                            "name": "allow-ssh-security-group_terraform",
                            "owner_id": "300504688985",
                            "revoke_rules_on_delete": "false",
                            "tags.%": "1",
                            "tags.Name": "allow-ssh-security-group_terraform",
                            "vpc_id": "vpc-010e47038658bf9b7"
                        },
                        "meta": {
                            "e2bfb730-ecaa-11e6-8f88-34363bc7c4c0": {
                                "create": 600000000000,
                                "delete": 600000000000
                            },
                            "schema_version": "1"
                        },
                        "tainted": false
                    },
                    "deposed": [],
                    "provider": "provider.aws"
                },
                "aws_subnet.public-subnet-1a_terraform": {
                    "type": "aws_subnet",
                    "depends_on": [
                        "aws_vpc.vpc_terraform"
                    ],
                    "primary": {
                        "id": "subnet-0bc7c5287bdb26d31",
                        "attributes": {
                            "arn": "arn:aws:ec2:ap-northeast-1:300504688985:subnet/subnet-0bc7c5287bdb26d31",
                            "assign_ipv6_address_on_creation": "false",
                            "availability_zone": "ap-northeast-1a",
                            "availability_zone_id": "apne1-az4",
                            "cidr_block": "10.0.1.0/24",
                            "id": "subnet-0bc7c5287bdb26d31",
                            "ipv6_cidr_block": "",
                            "ipv6_cidr_block_association_id": "",
                            "map_public_ip_on_launch": "false",
                            "owner_id": "300504688985",
                            "tags.%": "1",
                            "tags.Name": "public-subnet-1a_terraform",
                            "vpc_id": "vpc-010e47038658bf9b7"
                        },
                        "meta": {
                            "e2bfb730-ecaa-11e6-8f88-34363bc7c4c0": {
                                "create": 600000000000,
                                "delete": 600000000000
                            },
                            "schema_version": "1"
                        },
                        "tainted": false
                    },
                    "deposed": [],
                    "provider": "provider.aws"
                },
                "aws_vpc.vpc_terraform": {
                    "type": "aws_vpc",
                    "depends_on": [],
                    "primary": {
                        "id": "vpc-010e47038658bf9b7",
                        "attributes": {
                            "arn": "arn:aws:ec2:ap-northeast-1:300504688985:vpc/vpc-010e47038658bf9b7",
                            "assign_generated_ipv6_cidr_block": "false",
                            "cidr_block": "10.0.0.0/16",
                            "default_network_acl_id": "acl-07ffbc84597ed4cef",
                            "default_route_table_id": "rtb-0e5000ab32a2243f1",
                            "default_security_group_id": "sg-01c6d18df7628e8d7",
                            "dhcp_options_id": "dopt-42373e20",
                            "enable_classiclink": "false",
                            "enable_classiclink_dns_support": "false",
                            "enable_dns_hostnames": "false",
                            "enable_dns_support": "true",
                            "id": "vpc-010e47038658bf9b7",
                            "instance_tenancy": "default",
                            "ipv6_association_id": "",
                            "ipv6_cidr_block": "",
                            "main_route_table_id": "rtb-0e5000ab32a2243f1",
                            "owner_id": "300504688985",
                            "tags.%": "1",
                            "tags.Name": "vpc_terraform"
                        },
                        "meta": {
                            "schema_version": "1"
                        },
                        "tainted": false
                    },
                    "deposed": [],
                    "provider": "provider.aws"
                }
            },
            "depends_on": []
        }
    ]
}
